
Microsoft Visual Studio Solution File, Format Version 12.00
# Visual Studio Version 17
VisualStudioVersion = 17.5.33516.290
MinimumVisualStudioVersion = 10.0.40219.1
Project("{9A19103F-16F7-4668-BE54-9A1E7A4F7556}") = "onlinebookshop.webapi", "onlinebookshop.webapi\onlinebookshop.webapi.csproj", "{5132C8A2-A010-4782-BE7D-CE57BDF1BFE8}"
EndProject
Project("{FAE04EC0-301F-11D3-BF4B-00C04F79EFBC}") = "onlinebookshop.business", "onlinebookshop.business\onlinebookshop.business.csproj", "{BFAE4F8C-51B1-40CF-BA63-9414870E6BE1}"
EndProject
Global
	GlobalSection(SolutionConfigurationPlatforms) = preSolution
		Debug|Any CPU = Debug|Any CPU
		Release|Any CPU = Release|Any CPU
	EndGlobalSection
	GlobalSection(ProjectConfigurationPlatforms) = postSolution
		{5132C8A2-A010-4782-BE7D-CE57BDF1BFE8}.Debug|Any CPU.ActiveCfg = Debug|Any CPU
		{5132C8A2-A010-4782-BE7D-CE57BDF1BFE8}.Debug|Any CPU.Build.0 = Debug|Any CPU
		{5132C8A2-A010-4782-BE7D-CE57BDF1BFE8}.Release|Any CPU.ActiveCfg = Release|Any CPU
		{5132C8A2-A010-4782-BE7D-CE57BDF1BFE8}.Release|Any CPU.Build.0 = Release|Any CPU
		{BFAE4F8C-51B1-40CF-BA63-9414870E6BE1}.Debug|Any CPU.ActiveCfg = Debug|Any CPU
		{BFAE4F8C-51B1-40CF-BA63-9414870E6BE1}.Debug|Any CPU.Build.0 = Debug|Any CPU
		{BFAE4F8C-51B1-40CF-BA63-9414870E6BE1}.Release|Any CPU.ActiveCfg = Release|Any CPU
		{BFAE4F8C-51B1-40CF-BA63-9414870E6BE1}.Release|Any CPU.Build.0 = Release|Any CPU
	EndGlobalSection
	GlobalSection(SolutionProperties) = preSolution
		HideSolutionNode = FALSE
	EndGlobalSection
	GlobalSection(ExtensibilityGlobals) = postSolution
		SolutionGuid = {F31C742F-A166-4B93-B8F5-BAEE1E911E58}
	EndGlobalSection
EndGlobal
